
Microsoft Visual Studio Solution File, Format Version 12.00
Project("{F2A71F9B-5D33-465A-A702-920D77279786}") = "Program", "src\Program\Program.fsproj", "{48F90469-DDFB-42C9-A9A1-8B38DC602721}"
EndProject
Project("{F2A71F9B-5D33-465A-A702-920D77279786}") = "Parser", "src\Parser\Parser.fsproj", "{FC9F1FEC-4A8B-4D1F-A92F-19A6F9389D28}"
EndProject
Project("{F2A71F9B-5D33-465A-A702-920D77279786}") = "ParserTests", "tests\ParserTests\ParserTests.fsproj", "{289E2A91-C40E-46A0-B440-D6AA0A53B8FC}"
EndProject
Global
	GlobalSection(SolutionConfigurationPlatforms) = preSolution
		Debug|Any CPU = Debug|Any CPU
		Release|Any CPU = Release|Any CPU
	EndGlobalSection
	GlobalSection(ProjectConfigurationPlatforms) = postSolution
		{48F90469-DDFB-42C9-A9A1-8B38DC602721}.Debug|Any CPU.ActiveCfg = Debug|Any CPU
		{48F90469-DDFB-42C9-A9A1-8B38DC602721}.Debug|Any CPU.Build.0 = Debug|Any CPU
		{48F90469-DDFB-42C9-A9A1-8B38DC602721}.Release|Any CPU.ActiveCfg = Release|Any CPU
		{48F90469-DDFB-42C9-A9A1-8B38DC602721}.Release|Any CPU.Build.0 = Release|Any CPU
		{FC9F1FEC-4A8B-4D1F-A92F-19A6F9389D28}.Debug|Any CPU.ActiveCfg = Debug|Any CPU
		{FC9F1FEC-4A8B-4D1F-A92F-19A6F9389D28}.Debug|Any CPU.Build.0 = Debug|Any CPU
		{FC9F1FEC-4A8B-4D1F-A92F-19A6F9389D28}.Release|Any CPU.ActiveCfg = Release|Any CPU
		{FC9F1FEC-4A8B-4D1F-A92F-19A6F9389D28}.Release|Any CPU.Build.0 = Release|Any CPU
		{289E2A91-C40E-46A0-B440-D6AA0A53B8FC}.Debug|Any CPU.ActiveCfg = Debug|Any CPU
		{289E2A91-C40E-46A0-B440-D6AA0A53B8FC}.Debug|Any CPU.Build.0 = Debug|Any CPU
		{289E2A91-C40E-46A0-B440-D6AA0A53B8FC}.Release|Any CPU.ActiveCfg = Release|Any CPU
		{289E2A91-C40E-46A0-B440-D6AA0A53B8FC}.Release|Any CPU.Build.0 = Release|Any CPU
	EndGlobalSection
EndGlobal
